// !$*UTF8*$!
{
	archiveVersion = 1;
	classes = {
	};
	objectVersion = 51;
	objects = {

/* Begin PBXBuildFile section */
		4C0F7356D3BB51AD08BFE328 /* Pods_addressBook.framework in Frameworks */ = {isa = PBXBuildFile; fileRef = 386634C3AD4E739CF7695AF7 /* Pods_addressBook.framework */; };
		842F37C124E2E587008C4A44 /* AppDelegate.swift in Sources */ = {isa = PBXBuildFile; fileRef = 842F37C024E2E587008C4A44 /* AppDelegate.swift */; };
		842F37C324E2E587008C4A44 /* SceneDelegate.swift in Sources */ = {isa = PBXBuildFile; fileRef = 842F37C224E2E587008C4A44 /* SceneDelegate.swift */; };
		842F37CA24E2E58A008C4A44 /* Assets.xcassets in Resources */ = {isa = PBXBuildFile; fileRef = 842F37C924E2E58A008C4A44 /* Assets.xcassets */; };
		842F37CD24E2E58A008C4A44 /* LaunchScreen.storyboard in Resources */ = {isa = PBXBuildFile; fileRef = 842F37CB24E2E58A008C4A44 /* LaunchScreen.storyboard */; };
		842F37D824E2E626008C4A44 /* ContactsVC.swift in Sources */ = {isa = PBXBuildFile; fileRef = 842F37D724E2E626008C4A44 /* ContactsVC.swift */; };
		842F37DA24E2E661008C4A44 /* AddNewContactVC.swift in Sources */ = {isa = PBXBuildFile; fileRef = 842F37D924E2E661008C4A44 /* AddNewContactVC.swift */; };
		842F37DC24E2E6BE008C4A44 /* ContactInfoVC.swift in Sources */ = {isa = PBXBuildFile; fileRef = 842F37DB24E2E6BE008C4A44 /* ContactInfoVC.swift */; };
		842F37E124E2F12A008C4A44 /* MainNavigationController.swift in Sources */ = {isa = PBXBuildFile; fileRef = 842F37E024E2F12A008C4A44 /* MainNavigationController.swift */; };
		842F37E324E31C0B008C4A44 /* SFSymbols.swift in Sources */ = {isa = PBXBuildFile; fileRef = 842F37E224E31C0B008C4A44 /* SFSymbols.swift */; };
		842F37E624E31E2B008C4A44 /* UIViewController + Ext.swift in Sources */ = {isa = PBXBuildFile; fileRef = 842F37E524E31E2B008C4A44 /* UIViewController + Ext.swift */; };
		842F37E924E32426008C4A44 /* ABTitleLabel.swift in Sources */ = {isa = PBXBuildFile; fileRef = 842F37E824E32426008C4A44 /* ABTitleLabel.swift */; };
		842F37EB24E32538008C4A44 /* ABBodyLabel.swift in Sources */ = {isa = PBXBuildFile; fileRef = 842F37EA24E32537008C4A44 /* ABBodyLabel.swift */; };
		842F37EE24E3261C008C4A44 /* ContactsCell.swift in Sources */ = {isa = PBXBuildFile; fileRef = 842F37ED24E3261C008C4A44 /* ContactsCell.swift */; };
		842F37F224E32770008C4A44 /* ABImageView.swift in Sources */ = {isa = PBXBuildFile; fileRef = 842F37F124E32770008C4A44 /* ABImageView.swift */; };
		842F37F424E3C628008C4A44 /* ABEmptyStateView.swift in Sources */ = {isa = PBXBuildFile; fileRef = 842F37F324E3C628008C4A44 /* ABEmptyStateView.swift */; };
		842F37FC24E40EDA008C4A44 /* ABTextField.swift in Sources */ = {isa = PBXBuildFile; fileRef = 842F37FB24E40EDA008C4A44 /* ABTextField.swift */; };
		8434750024E46C8E0052692F /* GoogleService-Info.plist in Resources */ = {isa = PBXBuildFile; fileRef = 843474FF24E46C8E0052692F /* GoogleService-Info.plist */; };
		8434750324E46D270052692F /* UserData.swift in Sources */ = {isa = PBXBuildFile; fileRef = 8434750224E46D270052692F /* UserData.swift */; };
		8434750524E5477A0052692F /* ABInputView.swift in Sources */ = {isa = PBXBuildFile; fileRef = 8434750424E5477A0052692F /* ABInputView.swift */; };
		846BD89A24E68B1D00A43A13 /* ABDisplayView.swift in Sources */ = {isa = PBXBuildFile; fileRef = 846BD89924E68B1D00A43A13 /* ABDisplayView.swift */; };
		849968B424EA60F4002E07F2 /* Constants.swift in Sources */ = {isa = PBXBuildFile; fileRef = 849968B324EA60F4002E07F2 /* Constants.swift */; };
		84DC9EE324F151A4009C5759 /* UserDataViewModel.swift in Sources */ = {isa = PBXBuildFile; fileRef = 84DC9EE224F151A4009C5759 /* UserDataViewModel.swift */; };
		84DC9EE524F15827009C5759 /* UserkeysViewModel.swift in Sources */ = {isa = PBXBuildFile; fileRef = 84DC9EE424F15827009C5759 /* UserkeysViewModel.swift */; };
		84F29A4024E6B00C00143393 /* AuthService.swift in Sources */ = {isa = PBXBuildFile; fileRef = 84F29A3F24E6B00C00143393 /* AuthService.swift */; };
		84F29A4224E7F8FE00143393 /* UserService.swift in Sources */ = {isa = PBXBuildFile; fileRef = 84F29A4124E7F8FE00143393 /* UserService.swift */; };
		84F29A4424E82C5900143393 /* UserKeys.swift in Sources */ = {isa = PBXBuildFile; fileRef = 84F29A4324E82C5900143393 /* UserKeys.swift */; };
		84F29A4824E9830600143393 /* ABAlertVC.swift in Sources */ = {isa = PBXBuildFile; fileRef = 84F29A4724E9830600143393 /* ABAlertVC.swift */; };
		84F29A4B24E984FB00143393 /* ABButton.swift in Sources */ = {isa = PBXBuildFile; fileRef = 84F29A4A24E984FB00143393 /* ABButton.swift */; };
/* End PBXBuildFile section */

/* Begin PBXFileReference section */
		212077B7E2E382C54683BD53 /* Pods-addressBook.debug.xcconfig */ = {isa = PBXFileReference; includeInIndex = 1; lastKnownFileType = text.xcconfig; name = "Pods-addressBook.debug.xcconfig"; path = "Target Support Files/Pods-addressBook/Pods-addressBook.debug.xcconfig"; sourceTree = "<group>"; };
		386634C3AD4E739CF7695AF7 /* Pods_addressBook.framework */ = {isa = PBXFileReference; explicitFileType = wrapper.framework; includeInIndex = 0; path = Pods_addressBook.framework; sourceTree = BUILT_PRODUCTS_DIR; };
		842F37BD24E2E587008C4A44 /* addressBook.app */ = {isa = PBXFileReference; explicitFileType = wrapper.application; includeInIndex = 0; path = addressBook.app; sourceTree = BUILT_PRODUCTS_DIR; };
		842F37C024E2E587008C4A44 /* AppDelegate.swift */ = {isa = PBXFileReference; lastKnownFileType = sourcecode.swift; path = AppDelegate.swift; sourceTree = "<group>"; };
		842F37C224E2E587008C4A44 /* SceneDelegate.swift */ = {isa = PBXFileReference; lastKnownFileType = sourcecode.swift; path = SceneDelegate.swift; sourceTree = "<group>"; };
		842F37C924E2E58A008C4A44 /* Assets.xcassets */ = {isa = PBXFileReference; lastKnownFileType = folder.assetcatalog; path = Assets.xcassets; sourceTree = "<group>"; };
		842F37CC24E2E58A008C4A44 /* Base */ = {isa = PBXFileReference; lastKnownFileType = file.storyboard; name = Base; path = Base.lproj/LaunchScreen.storyboard; sourceTree = "<group>"; };
		842F37CE24E2E58A008C4A44 /* Info.plist */ = {isa = PBXFileReference; lastKnownFileType = text.plist.xml; path = Info.plist; sourceTree = "<group>"; };
		842F37D724E2E626008C4A44 /* ContactsVC.swift */ = {isa = PBXFileReference; lastKnownFileType = sourcecode.swift; path = ContactsVC.swift; sourceTree = "<group>"; };
		842F37D924E2E661008C4A44 /* AddNewContactVC.swift */ = {isa = PBXFileReference; lastKnownFileType = sourcecode.swift; path = AddNewContactVC.swift; sourceTree = "<group>"; };
		842F37DB24E2E6BE008C4A44 /* ContactInfoVC.swift */ = {isa = PBXFileReference; lastKnownFileType = sourcecode.swift; path = ContactInfoVC.swift; sourceTree = "<group>"; };
		842F37E024E2F12A008C4A44 /* MainNavigationController.swift */ = {isa = PBXFileReference; lastKnownFileType = sourcecode.swift; path = MainNavigationController.swift; sourceTree = "<group>"; };
		842F37E224E31C0B008C4A44 /* SFSymbols.swift */ = {isa = PBXFileReference; lastKnownFileType = sourcecode.swift; path = SFSymbols.swift; sourceTree = "<group>"; };
		842F37E524E31E2B008C4A44 /* UIViewController + Ext.swift */ = {isa = PBXFileReference; lastKnownFileType = sourcecode.swift; path = "UIViewController + Ext.swift"; sourceTree = "<group>"; };
		842F37E824E32426008C4A44 /* ABTitleLabel.swift */ = {isa = PBXFileReference; lastKnownFileType = sourcecode.swift; path = ABTitleLabel.swift; sourceTree = "<group>"; };
		842F37EA24E32537008C4A44 /* ABBodyLabel.swift */ = {isa = PBXFileReference; lastKnownFileType = sourcecode.swift; path = ABBodyLabel.swift; sourceTree = "<group>"; };
		842F37ED24E3261C008C4A44 /* ContactsCell.swift */ = {isa = PBXFileReference; lastKnownFileType = sourcecode.swift; path = ContactsCell.swift; sourceTree = "<group>"; };
		842F37F124E32770008C4A44 /* ABImageView.swift */ = {isa = PBXFileReference; lastKnownFileType = sourcecode.swift; path = ABImageView.swift; sourceTree = "<group>"; };
		842F37F324E3C628008C4A44 /* ABEmptyStateView.swift */ = {isa = PBXFileReference; lastKnownFileType = sourcecode.swift; path = ABEmptyStateView.swift; sourceTree = "<group>"; };
		842F37FB24E40EDA008C4A44 /* ABTextField.swift */ = {isa = PBXFileReference; lastKnownFileType = sourcecode.swift; path = ABTextField.swift; sourceTree = "<group>"; };
		843474FF24E46C8E0052692F /* GoogleService-Info.plist */ = {isa = PBXFileReference; fileEncoding = 4; lastKnownFileType = text.plist.xml; path = "GoogleService-Info.plist"; sourceTree = "<group>"; };
		8434750224E46D270052692F /* UserData.swift */ = {isa = PBXFileReference; lastKnownFileType = sourcecode.swift; path = UserData.swift; sourceTree = "<group>"; };
		8434750424E5477A0052692F /* ABInputView.swift */ = {isa = PBXFileReference; lastKnownFileType = sourcecode.swift; path = ABInputView.swift; sourceTree = "<group>"; };
		846BD89924E68B1D00A43A13 /* ABDisplayView.swift */ = {isa = PBXFileReference; lastKnownFileType = sourcecode.swift; path = ABDisplayView.swift; sourceTree = "<group>"; };
		849968B324EA60F4002E07F2 /* Constants.swift */ = {isa = PBXFileReference; lastKnownFileType = sourcecode.swift; path = Constants.swift; sourceTree = "<group>"; };
		84DC9EE224F151A4009C5759 /* UserDataViewModel.swift */ = {isa = PBXFileReference; lastKnownFileType = sourcecode.swift; path = UserDataViewModel.swift; sourceTree = "<group>"; };
		84DC9EE424F15827009C5759 /* UserkeysViewModel.swift */ = {isa = PBXFileReference; lastKnownFileType = sourcecode.swift; path = UserkeysViewModel.swift; sourceTree = "<group>"; };
		84F29A3F24E6B00C00143393 /* AuthService.swift */ = {isa = PBXFileReference; lastKnownFileType = sourcecode.swift; path = AuthService.swift; sourceTree = "<group>"; };
		84F29A4124E7F8FE00143393 /* UserService.swift */ = {isa = PBXFileReference; lastKnownFileType = sourcecode.swift; path = UserService.swift; sourceTree = "<group>"; };
		84F29A4324E82C5900143393 /* UserKeys.swift */ = {isa = PBXFileReference; lastKnownFileType = sourcecode.swift; path = UserKeys.swift; sourceTree = "<group>"; };
		84F29A4724E9830600143393 /* ABAlertVC.swift */ = {isa = PBXFileReference; lastKnownFileType = sourcecode.swift; path = ABAlertVC.swift; sourceTree = "<group>"; };
		84F29A4A24E984FB00143393 /* ABButton.swift */ = {isa = PBXFileReference; lastKnownFileType = sourcecode.swift; path = ABButton.swift; sourceTree = "<group>"; };
		D4268B07F4A580788115E431 /* Pods-addressBook.release.xcconfig */ = {isa = PBXFileReference; includeInIndex = 1; lastKnownFileType = text.xcconfig; name = "Pods-addressBook.release.xcconfig"; path = "Target Support Files/Pods-addressBook/Pods-addressBook.release.xcconfig"; sourceTree = "<group>"; };
/* End PBXFileReference section */

/* Begin PBXFrameworksBuildPhase section */
		842F37BA24E2E587008C4A44 /* Frameworks */ = {
			isa = PBXFrameworksBuildPhase;
			buildActionMask = 2147483647;
			files = (
				4C0F7356D3BB51AD08BFE328 /* Pods_addressBook.framework in Frameworks */,
			);
			runOnlyForDeploymentPostprocessing = 0;
		};
/* End PBXFrameworksBuildPhase section */

/* Begin PBXGroup section */
		3A2662B77504ECFF73749362 /* Frameworks */ = {
			isa = PBXGroup;
			children = (
				386634C3AD4E739CF7695AF7 /* Pods_addressBook.framework */,
			);
			name = Frameworks;
			sourceTree = "<group>";
		};
		842F37B424E2E587008C4A44 = {
			isa = PBXGroup;
			children = (
				842F37BF24E2E587008C4A44 /* addressBook */,
				842F37BE24E2E587008C4A44 /* Products */,
				CF974AF89B39BDDFA4E57271 /* Pods */,
				3A2662B77504ECFF73749362 /* Frameworks */,
			);
			sourceTree = "<group>";
		};
		842F37BE24E2E587008C4A44 /* Products */ = {
			isa = PBXGroup;
			children = (
				842F37BD24E2E587008C4A44 /* addressBook.app */,
			);
			name = Products;
			sourceTree = "<group>";
		};
		842F37BF24E2E587008C4A44 /* addressBook */ = {
			isa = PBXGroup;
			children = (
				8434750124E46D090052692F /* Model */,
				84DC9EE124F11361009C5759 /* ViewModel */,
				84F29A4924E984E700143393 /* Buttons */,
				84F29A3B24E6AF4E00143393 /* API */,
				842F37EF24E32741008C4A44 /* CustomViews */,
				842F37EC24E325EC008C4A44 /* Cells */,
				842F37E424E31DFA008C4A44 /* Extentions */,
				842F37DD24E2F109008C4A44 /* Utils */,
				842F37D424E2E5D4008C4A44 /* Screens */,
				842F37C024E2E587008C4A44 /* AppDelegate.swift */,
				842F37C224E2E587008C4A44 /* SceneDelegate.swift */,
				842F37C924E2E58A008C4A44 /* Assets.xcassets */,
				842F37CB24E2E58A008C4A44 /* LaunchScreen.storyboard */,
				842F37CE24E2E58A008C4A44 /* Info.plist */,
				843474FF24E46C8E0052692F /* GoogleService-Info.plist */,
			);
			path = addressBook;
			sourceTree = "<group>";
		};
		842F37D424E2E5D4008C4A44 /* Screens */ = {
			isa = PBXGroup;
			children = (
				842F37D724E2E626008C4A44 /* ContactsVC.swift */,
				842F37D924E2E661008C4A44 /* AddNewContactVC.swift */,
				842F37DB24E2E6BE008C4A44 /* ContactInfoVC.swift */,
			);
			path = Screens;
			sourceTree = "<group>";
		};
		842F37DD24E2F109008C4A44 /* Utils */ = {
			isa = PBXGroup;
			children = (
				842F37E024E2F12A008C4A44 /* MainNavigationController.swift */,
				842F37E224E31C0B008C4A44 /* SFSymbols.swift */,
				849968B324EA60F4002E07F2 /* Constants.swift */,
			);
			path = Utils;
			sourceTree = "<group>";
		};
		842F37E424E31DFA008C4A44 /* Extentions */ = {
			isa = PBXGroup;
			children = (
				842F37E524E31E2B008C4A44 /* UIViewController + Ext.swift */,
			);
			path = Extentions;
			sourceTree = "<group>";
		};
		842F37E724E323FE008C4A44 /* Labels */ = {
			isa = PBXGroup;
			children = (
				842F37E824E32426008C4A44 /* ABTitleLabel.swift */,
				842F37EA24E32537008C4A44 /* ABBodyLabel.swift */,
			);
			path = Labels;
			sourceTree = "<group>";
		};
		842F37EC24E325EC008C4A44 /* Cells */ = {
			isa = PBXGroup;
			children = (
				842F37ED24E3261C008C4A44 /* ContactsCell.swift */,
			);
			path = Cells;
			sourceTree = "<group>";
		};
		842F37EF24E32741008C4A44 /* CustomViews */ = {
			isa = PBXGroup;
			children = (
				842F37E724E323FE008C4A44 /* Labels */,
				842F37FA24E40E90008C4A44 /* TextFields */,
				842F37F024E3275F008C4A44 /* ImageViews */,
				842F37F324E3C628008C4A44 /* ABEmptyStateView.swift */,
				8434750424E5477A0052692F /* ABInputView.swift */,
				846BD89924E68B1D00A43A13 /* ABDisplayView.swift */,
				84F29A4724E9830600143393 /* ABAlertVC.swift */,
			);
			path = CustomViews;
			sourceTree = "<group>";
		};
		842F37F024E3275F008C4A44 /* ImageViews */ = {
			isa = PBXGroup;
			children = (
				842F37F124E32770008C4A44 /* ABImageView.swift */,
			);
			path = ImageViews;
			sourceTree = "<group>";
		};
		842F37FA24E40E90008C4A44 /* TextFields */ = {
			isa = PBXGroup;
			children = (
				842F37FB24E40EDA008C4A44 /* ABTextField.swift */,
			);
			path = TextFields;
			sourceTree = "<group>";
		};
		8434750124E46D090052692F /* Model */ = {
			isa = PBXGroup;
			children = (
				8434750224E46D270052692F /* UserData.swift */,
				84F29A4324E82C5900143393 /* UserKeys.swift */,
			);
			path = Model;
			sourceTree = "<group>";
		};
		84DC9EE124F11361009C5759 /* ViewModel */ = {
			isa = PBXGroup;
			children = (
				84DC9EE224F151A4009C5759 /* UserDataViewModel.swift */,
				84DC9EE424F15827009C5759 /* UserkeysViewModel.swift */,
			);
			path = ViewModel;
			sourceTree = "<group>";
		};
		84F29A3B24E6AF4E00143393 /* API */ = {
			isa = PBXGroup;
			children = (
				84F29A3F24E6B00C00143393 /* AuthService.swift */,
				84F29A4124E7F8FE00143393 /* UserService.swift */,
			);
			path = API;
			sourceTree = "<group>";
		};
		84F29A4924E984E700143393 /* Buttons */ = {
			isa = PBXGroup;
			children = (
				84F29A4A24E984FB00143393 /* ABButton.swift */,
			);
			path = Buttons;
			sourceTree = "<group>";
		};
		CF974AF89B39BDDFA4E57271 /* Pods */ = {
			isa = PBXGroup;
			children = (
				212077B7E2E382C54683BD53 /* Pods-addressBook.debug.xcconfig */,
				D4268B07F4A580788115E431 /* Pods-addressBook.release.xcconfig */,
			);
			path = Pods;
			sourceTree = "<group>";
		};
/* End PBXGroup section */

/* Begin PBXNativeTarget section */
		842F37BC24E2E587008C4A44 /* addressBook */ = {
			isa = PBXNativeTarget;
			buildConfigurationList = 842F37D124E2E58A008C4A44 /* Build configuration list for PBXNativeTarget "addressBook" */;
			buildPhases = (
				92A27C0000E6EF1C3EEAD523 /* [CP] Check Pods Manifest.lock */,
				842F37B924E2E587008C4A44 /* Sources */,
				842F37BA24E2E587008C4A44 /* Frameworks */,
				842F37BB24E2E587008C4A44 /* Resources */,
				A7972068DCA269B987F47E84 /* [CP] Embed Pods Frameworks */,
			);
			buildRules = (
			);
			dependencies = (
			);
			name = addressBook;
			productName = addressBook;
			productReference = 842F37BD24E2E587008C4A44 /* addressBook.app */;
			productType = "com.apple.product-type.application";
		};
/* End PBXNativeTarget section */

/* Begin PBXProject section */
		842F37B524E2E587008C4A44 /* Project object */ = {
			isa = PBXProject;
			attributes = {
				LastSwiftUpdateCheck = 1160;
				LastUpgradeCheck = 1160;
				ORGANIZATIONNAME = TobaIbrahim;
				TargetAttributes = {
					842F37BC24E2E587008C4A44 = {
						CreatedOnToolsVersion = 11.6;
					};
				};
			};
			buildConfigurationList = 842F37B824E2E587008C4A44 /* Build configuration list for PBXProject "addressBook" */;
			compatibilityVersion = "Xcode 9.3";
			developmentRegion = en;
			hasScannedForEncodings = 0;
			knownRegions = (
				en,
				Base,
			);
			mainGroup = 842F37B424E2E587008C4A44;
			productRefGroup = 842F37BE24E2E587008C4A44 /* Products */;
			projectDirPath = "";
			projectRoot = "";
			targets = (
				842F37BC24E2E587008C4A44 /* addressBook */,
			);
		};
/* End PBXProject section */

/* Begin PBXResourcesBuildPhase section */
		842F37BB24E2E587008C4A44 /* Resources */ = {
			isa = PBXResourcesBuildPhase;
			buildActionMask = 2147483647;
			files = (
				842F37CD24E2E58A008C4A44 /* LaunchScreen.storyboard in Resources */,
				842F37CA24E2E58A008C4A44 /* Assets.xcassets in Resources */,
				8434750024E46C8E0052692F /* GoogleService-Info.plist in Resources */,
			);
			runOnlyForDeploymentPostprocessing = 0;
		};
/* End PBXResourcesBuildPhase section */

/* Begin PBXShellScriptBuildPhase section */
		92A27C0000E6EF1C3EEAD523 /* [CP] Check Pods Manifest.lock */ = {
			isa = PBXShellScriptBuildPhase;
			buildActionMask = 2147483647;
			files = (
			);
			inputFileListPaths = (
			);
			inputPaths = (
				"${PODS_PODFILE_DIR_PATH}/Podfile.lock",
				"${PODS_ROOT}/Manifest.lock",
			);
			name = "[CP] Check Pods Manifest.lock";
			outputFileListPaths = (
			);
			outputPaths = (
				"$(DERIVED_FILE_DIR)/Pods-addressBook-checkManifestLockResult.txt",
			);
			runOnlyForDeploymentPostprocessing = 0;
			shellPath = /bin/sh;
			shellScript = "diff \"${PODS_PODFILE_DIR_PATH}/Podfile.lock\" \"${PODS_ROOT}/Manifest.lock\" > /dev/null\nif [ $? != 0 ] ; then\n    # print error to STDERR\n    echo \"error: The sandbox is not in sync with the Podfile.lock. Run 'pod install' or update your CocoaPods installation.\" >&2\n    exit 1\nfi\n# This output is used by Xcode 'outputs' to avoid re-running this script phase.\necho \"SUCCESS\" > \"${SCRIPT_OUTPUT_FILE_0}\"\n";
			showEnvVarsInLog = 0;
		};
		A7972068DCA269B987F47E84 /* [CP] Embed Pods Frameworks */ = {
			isa = PBXShellScriptBuildPhase;
			buildActionMask = 2147483647;
			files = (
			);
			inputFileListPaths = (
				"${PODS_ROOT}/Target Support Files/Pods-addressBook/Pods-addressBook-frameworks-${CONFIGURATION}-input-files.xcfilelist",
			);
			name = "[CP] Embed Pods Frameworks";
			outputFileListPaths = (
				"${PODS_ROOT}/Target Support Files/Pods-addressBook/Pods-addressBook-frameworks-${CONFIGURATION}-output-files.xcfilelist",
			);
			runOnlyForDeploymentPostprocessing = 0;
			shellPath = /bin/sh;
			shellScript = "\"${PODS_ROOT}/Target Support Files/Pods-addressBook/Pods-addressBook-frameworks.sh\"\n";
			showEnvVarsInLog = 0;
		};
/* End PBXShellScriptBuildPhase section */

/* Begin PBXSourcesBuildPhase section */
		842F37B924E2E587008C4A44 /* Sources */ = {
			isa = PBXSourcesBuildPhase;
			buildActionMask = 2147483647;
			files = (
				842F37FC24E40EDA008C4A44 /* ABTextField.swift in Sources */,
				84F29A4824E9830600143393 /* ABAlertVC.swift in Sources */,
				842F37E924E32426008C4A44 /* ABTitleLabel.swift in Sources */,
				842F37F224E32770008C4A44 /* ABImageView.swift in Sources */,
				842F37EB24E32538008C4A44 /* ABBodyLabel.swift in Sources */,
				842F37DA24E2E661008C4A44 /* AddNewContactVC.swift in Sources */,
				84F29A4B24E984FB00143393 /* ABButton.swift in Sources */,
				842F37C124E2E587008C4A44 /* AppDelegate.swift in Sources */,
				8434750524E5477A0052692F /* ABInputView.swift in Sources */,
				84DC9EE324F151A4009C5759 /* UserDataViewModel.swift in Sources */,
				84F29A4024E6B00C00143393 /* AuthService.swift in Sources */,
				842F37C324E2E587008C4A44 /* SceneDelegate.swift in Sources */,
				842F37E324E31C0B008C4A44 /* SFSymbols.swift in Sources */,
				84DC9EE524F15827009C5759 /* UserkeysViewModel.swift in Sources */,
				842F37E124E2F12A008C4A44 /* MainNavigationController.swift in Sources */,
				842F37EE24E3261C008C4A44 /* ContactsCell.swift in Sources */,
				842F37D824E2E626008C4A44 /* ContactsVC.swift in Sources */,
				84F29A4424E82C5900143393 /* UserKeys.swift in Sources */,
				84F29A4224E7F8FE00143393 /* UserService.swift in Sources */,
				8434750324E46D270052692F /* UserData.swift in Sources */,
				842F37F424E3C628008C4A44 /* ABEmptyStateView.swift in Sources */,
				846BD89A24E68B1D00A43A13 /* ABDisplayView.swift in Sources */,
				842F37E624E31E2B008C4A44 /* UIViewController + Ext.swift in Sources */,
				842F37DC24E2E6BE008C4A44 /* ContactInfoVC.swift in Sources */,
				849968B424EA60F4002E07F2 /* Constants.swift in Sources */,
			);
			runOnlyForDeploymentPostprocessing = 0;
		};
/* End PBXSourcesBuildPhase section */

/* Begin PBXVariantGroup section */
		842F37CB24E2E58A008C4A44 /* LaunchScreen.storyboard */ = {
			isa = PBXVariantGroup;
			children = (
				842F37CC24E2E58A008C4A44 /* Base */,
			);
			name = LaunchScreen.storyboard;
			sourceTree = "<group>";
		};
/* End PBXVariantGroup section */

/* Begin XCBuildConfiguration section */
		842F37CF24E2E58A008C4A44 /* Debug */ = {
			isa = XCBuildConfiguration;
			buildSettings = {
				ALWAYS_SEARCH_USER_PATHS = NO;
				CLANG_ANALYZER_NONNULL = YES;
				CLANG_ANALYZER_NUMBER_OBJECT_CONVERSION = YES_AGGRESSIVE;
				CLANG_CXX_LANGUAGE_STANDARD = "gnu++14";
				CLANG_CXX_LIBRARY = "libc++";
				CLANG_ENABLE_MODULES = YES;
				CLANG_ENABLE_OBJC_ARC = YES;
				CLANG_ENABLE_OBJC_WEAK = YES;
				CLANG_WARN_BLOCK_CAPTURE_AUTORELEASING = YES;
				CLANG_WARN_BOOL_CONVERSION = YES;
				CLANG_WARN_COMMA = YES;
				CLANG_WARN_CONSTANT_CONVERSION = YES;
				CLANG_WARN_DEPRECATED_OBJC_IMPLEMENTATIONS = YES;
				CLANG_WARN_DIRECT_OBJC_ISA_USAGE = YES_ERROR;
				CLANG_WARN_DOCUMENTATION_COMMENTS = YES;
				CLANG_WARN_EMPTY_BODY = YES;
				CLANG_WARN_ENUM_CONVERSION = YES;
				CLANG_WARN_INFINITE_RECURSION = YES;
				CLANG_WARN_INT_CONVERSION = YES;
				CLANG_WARN_NON_LITERAL_NULL_CONVERSION = YES;
				CLANG_WARN_OBJC_IMPLICIT_RETAIN_SELF = YES;
				CLANG_WARN_OBJC_LITERAL_CONVERSION = YES;
				CLANG_WARN_OBJC_ROOT_CLASS = YES_ERROR;
				CLANG_WARN_RANGE_LOOP_ANALYSIS = YES;
				CLANG_WARN_STRICT_PROTOTYPES = YES;
				CLANG_WARN_SUSPICIOUS_MOVE = YES;
				CLANG_WARN_UNGUARDED_AVAILABILITY = YES_AGGRESSIVE;
				CLANG_WARN_UNREACHABLE_CODE = YES;
				CLANG_WARN__DUPLICATE_METHOD_MATCH = YES;
				COPY_PHASE_STRIP = NO;
				DEBUG_INFORMATION_FORMAT = dwarf;
				ENABLE_STRICT_OBJC_MSGSEND = YES;
				ENABLE_TESTABILITY = YES;
				GCC_C_LANGUAGE_STANDARD = gnu11;
				GCC_DYNAMIC_NO_PIC = NO;
				GCC_NO_COMMON_BLOCKS = YES;
				GCC_OPTIMIZATION_LEVEL = 0;
				GCC_PREPROCESSOR_DEFINITIONS = (
					"DEBUG=1",
					"$(inherited)",
				);
				GCC_WARN_64_TO_32_BIT_CONVERSION = YES;
				GCC_WARN_ABOUT_RETURN_TYPE = YES_ERROR;
				GCC_WARN_UNDECLARED_SELECTOR = YES;
				GCC_WARN_UNINITIALIZED_AUTOS = YES_AGGRESSIVE;
				GCC_WARN_UNUSED_FUNCTION = YES;
				GCC_WARN_UNUSED_VARIABLE = YES;
				IPHONEOS_DEPLOYMENT_TARGET = 13.6;
				MTL_ENABLE_DEBUG_INFO = INCLUDE_SOURCE;
				MTL_FAST_MATH = YES;
				ONLY_ACTIVE_ARCH = YES;
				SDKROOT = iphoneos;
				SWIFT_ACTIVE_COMPILATION_CONDITIONS = DEBUG;
				SWIFT_OPTIMIZATION_LEVEL = "-Onone";
			};
			name = Debug;
		};
		842F37D024E2E58A008C4A44 /* Release */ = {
			isa = XCBuildConfiguration;
			buildSettings = {
				ALWAYS_SEARCH_USER_PATHS = NO;
				CLANG_ANALYZER_NONNULL = YES;
				CLANG_ANALYZER_NUMBER_OBJECT_CONVERSION = YES_AGGRESSIVE;
				CLANG_CXX_LANGUAGE_STANDARD = "gnu++14";
				CLANG_CXX_LIBRARY = "libc++";
				CLANG_ENABLE_MODULES = YES;
				CLANG_ENABLE_OBJC_ARC = YES;
				CLANG_ENABLE_OBJC_WEAK = YES;
				CLANG_WARN_BLOCK_CAPTURE_AUTORELEASING = YES;
				CLANG_WARN_BOOL_CONVERSION = YES;
				CLANG_WARN_COMMA = YES;
				CLANG_WARN_CONSTANT_CONVERSION = YES;
				CLANG_WARN_DEPRECATED_OBJC_IMPLEMENTATIONS = YES;
				CLANG_WARN_DIRECT_OBJC_ISA_USAGE = YES_ERROR;
				CLANG_WARN_DOCUMENTATION_COMMENTS = YES;
				CLANG_WARN_EMPTY_BODY = YES;
				CLANG_WARN_ENUM_CONVERSION = YES;
				CLANG_WARN_INFINITE_RECURSION = YES;
				CLANG_WARN_INT_CONVERSION = YES;
				CLANG_WARN_NON_LITERAL_NULL_CONVERSION = YES;
				CLANG_WARN_OBJC_IMPLICIT_RETAIN_SELF = YES;
				CLANG_WARN_OBJC_LITERAL_CONVERSION = YES;
				CLANG_WARN_OBJC_ROOT_CLASS = YES_ERROR;
				CLANG_WARN_RANGE_LOOP_ANALYSIS = YES;
				CLANG_WARN_STRICT_PROTOTYPES = YES;
				CLANG_WARN_SUSPICIOUS_MOVE = YES;
				CLANG_WARN_UNGUARDED_AVAILABILITY = YES_AGGRESSIVE;
				CLANG_WARN_UNREACHABLE_CODE = YES;
				CLANG_WARN__DUPLICATE_METHOD_MATCH = YES;
				COPY_PHASE_STRIP = NO;
				DEBUG_INFORMATION_FORMAT = "dwarf-with-dsym";
				ENABLE_NS_ASSERTIONS = NO;
				ENABLE_STRICT_OBJC_MSGSEND = YES;
				GCC_C_LANGUAGE_STANDARD = gnu11;
				GCC_NO_COMMON_BLOCKS = YES;
				GCC_WARN_64_TO_32_BIT_CONVERSION = YES;
				GCC_WARN_ABOUT_RETURN_TYPE = YES_ERROR;
				GCC_WARN_UNDECLARED_SELECTOR = YES;
				GCC_WARN_UNINITIALIZED_AUTOS = YES_AGGRESSIVE;
				GCC_WARN_UNUSED_FUNCTION = YES;
				GCC_WARN_UNUSED_VARIABLE = YES;
				IPHONEOS_DEPLOYMENT_TARGET = 13.6;
				MTL_ENABLE_DEBUG_INFO = NO;
				MTL_FAST_MATH = YES;
				SDKROOT = iphoneos;
				SWIFT_COMPILATION_MODE = wholemodule;
				SWIFT_OPTIMIZATION_LEVEL = "-O";
				VALIDATE_PRODUCT = YES;
			};
			name = Release;
		};
		842F37D224E2E58A008C4A44 /* Debug */ = {
			isa = XCBuildConfiguration;
			baseConfigurationReference = 212077B7E2E382C54683BD53 /* Pods-addressBook.debug.xcconfig */;
			buildSettings = {
				ASSETCATALOG_COMPILER_APPICON_NAME = AppIcon;
				CODE_SIGN_STYLE = Automatic;
				DEVELOPMENT_TEAM = WYVZR7NGA5;
				INFOPLIST_FILE = addressBook/Info.plist;
				IPHONEOS_DEPLOYMENT_TARGET = 13.6;
				LD_RUNPATH_SEARCH_PATHS = (
					"$(inherited)",
					"@executable_path/Frameworks",
				);
				PRODUCT_BUNDLE_IDENTIFIER = com.TobaIbrahim.addressBook;
				PRODUCT_NAME = "$(TARGET_NAME)";
				SWIFT_VERSION = 5.0;
				TARGETED_DEVICE_FAMILY = 1;
			};
			name = Debug;
		};
		842F37D324E2E58A008C4A44 /* Release */ = {
			isa = XCBuildConfiguration;
			baseConfigurationReference = D4268B07F4A580788115E431 /* Pods-addressBook.release.xcconfig */;
			buildSettings = {
				ASSETCATALOG_COMPILER_APPICON_NAME = AppIcon;
				CODE_SIGN_STYLE = Automatic;
				DEVELOPMENT_TEAM = WYVZR7NGA5;
				INFOPLIST_FILE = addressBook/Info.plist;
				IPHONEOS_DEPLOYMENT_TARGET = 13.6;
				LD_RUNPATH_SEARCH_PATHS = (
					"$(inherited)",
					"@executable_path/Frameworks",
				);
				PRODUCT_BUNDLE_IDENTIFIER = com.TobaIbrahim.addressBook;
				PRODUCT_NAME = "$(TARGET_NAME)";
				SWIFT_VERSION = 5.0;
				TARGETED_DEVICE_FAMILY = 1;
			};
			name = Release;
		};
/* End XCBuildConfiguration section */

/* Begin XCConfigurationList section */
		842F37B824E2E587008C4A44 /* Build configuration list for PBXProject "addressBook" */ = {
			isa = XCConfigurationList;
			buildConfigurations = (
				842F37CF24E2E58A008C4A44 /* Debug */,
				842F37D024E2E58A008C4A44 /* Release */,
			);
			defaultConfigurationIsVisible = 0;
			defaultConfigurationName = Release;
		};
		842F37D124E2E58A008C4A44 /* Build configuration list for PBXNativeTarget "addressBook" */ = {
			isa = XCConfigurationList;
			buildConfigurations = (
				842F37D224E2E58A008C4A44 /* Debug */,
				842F37D324E2E58A008C4A44 /* Release */,
			);
			defaultConfigurationIsVisible = 0;
			defaultConfigurationName = Release;
		};
/* End XCConfigurationList section */
	};
	rootObject = 842F37B524E2E587008C4A44 /* Project object */;
}
